{
  "version": "4",
  "specifiers": {
    "jsr:@std/assert@^1.0.10": "1.0.10",
    "jsr:@std/dotenv@~0.225.3": "0.225.3",
    "jsr:@std/internal@^1.0.5": "1.0.5"
  },
  "jsr": {
    "@std/assert@1.0.10": {
      "integrity": "59b5cbac5bd55459a19045d95cc7c2ff787b4f8527c0dd195078ff6f9481fbb3",
      "dependencies": [
        "jsr:@std/internal"
      ]
    },
    "@std/dotenv@0.225.3": {
      "integrity": "a95e5b812c27b0854c52acbae215856d9cce9d4bbf774d938c51d212711e8d4a"
    },
    "@std/internal@1.0.5": {
      "integrity": "54a546004f769c1ac9e025abd15a76b6671ddc9687e2313b67376125650dc7ba"
    }
  },
  "redirects": {
    "https://lib.deno.dev/x/grammy@1.x/mod.ts": "https://deno.land/x/grammy@v1.20.4/mod.ts",
    "https://lib.deno.dev/x/grammy@^1.20/mod.ts": "https://deno.land/x/grammy@v1.27.0/mod.ts",
    "https://lib.deno.dev/x/grammy@^1.20/types.ts": "https://deno.land/x/grammy@v1.27.0/types.ts"
  },
  "remote": {
    "https://cdn.skypack.dev/-/debug@v4.3.4-o4liVvMlOnQWbLSYZMXw/dist=es2019,mode=imports/optimized/debug.js": "671100993996e39b501301a87000607916d4d2d9f8fc8e9c5200ae5ba64a1389",
    "https://cdn.skypack.dev/-/ms@v2.1.2-giBDZ1IA5lmQ3ZXaa87V/dist=es2019,mode=imports/optimized/ms.js": "fd88e2d51900437011f1ad232f3393ce97db1b87a7844b3c58dd6d65562c1276",
    "https://cdn.skypack.dev/debug@4.3.4": "7b1d010cc930f71b940ba5941da055bc181115229e29de7214bdb4425c68ea76",
    "https://deno.land/std@0.192.0/_util/asserts.ts": "178dfc49a464aee693a7e285567b3d0b555dc805ff490505a8aae34f9cfb1462",
    "https://deno.land/std@0.192.0/_util/os.ts": "d932f56d41e4f6a6093d56044e29ce637f8dcc43c5a90af43504a889cf1775e3",
    "https://deno.land/std@0.192.0/path/_constants.ts": "e49961f6f4f48039c0dfed3c3f93e963ca3d92791c9d478ac5b43183413136e0",
    "https://deno.land/std@0.192.0/path/_interface.ts": "6471159dfbbc357e03882c2266d21ef9afdb1e4aa771b0545e90db58a0ba314b",
    "https://deno.land/std@0.192.0/path/_util.ts": "d7abb1e0dea065f427b89156e28cdeb32b045870acdf865833ba808a73b576d0",
    "https://deno.land/std@0.192.0/path/common.ts": "ee7505ab01fd22de3963b64e46cff31f40de34f9f8de1fff6a1bd2fe79380000",
    "https://deno.land/std@0.192.0/path/glob.ts": "d479e0a695621c94d3fd7fe7abd4f9499caf32a8de13f25073451c6ef420a4e1",
    "https://deno.land/std@0.192.0/path/mod.ts": "f065032a7189404fdac3ad1a1551a9ac84751d2f25c431e101787846c86c79ef",
    "https://deno.land/std@0.192.0/path/posix.ts": "8b7c67ac338714b30c816079303d0285dd24af6b284f7ad63da5b27372a2c94d",
    "https://deno.land/std@0.192.0/path/separator.ts": "0fb679739d0d1d7bf45b68dacfb4ec7563597a902edbaf3c59b50d5bcadd93b1",
    "https://deno.land/std@0.192.0/path/win32.ts": "d186344e5583bcbf8b18af416d13d82b35a317116e6460a5a3953508c3de5bba",
    "https://deno.land/std@0.211.0/path/_common/assert_path.ts": "2ca275f36ac1788b2acb60fb2b79cb06027198bc2ba6fb7e163efaedde98c297",
    "https://deno.land/std@0.211.0/path/_common/basename.ts": "569744855bc8445f3a56087fd2aed56bdad39da971a8d92b138c9913aecc5fa2",
    "https://deno.land/std@0.211.0/path/_common/constants.ts": "dc5f8057159f4b48cd304eb3027e42f1148cf4df1fb4240774d3492b5d12ac0c",
    "https://deno.land/std@0.211.0/path/_common/strip_trailing_separators.ts": "7024a93447efcdcfeaa9339a98fa63ef9d53de363f1fbe9858970f1bba02655a",
    "https://deno.land/std@0.211.0/path/_os.ts": "8fb9b90fb6b753bd8c77cfd8a33c2ff6c5f5bc185f50de8ca4ac6a05710b2c15",
    "https://deno.land/std@0.211.0/path/basename.ts": "5d341aadb7ada266e2280561692c165771d071c98746fcb66da928870cd47668",
    "https://deno.land/std@0.211.0/path/posix/_util.ts": "1e3937da30f080bfc99fe45d7ed23c47dd8585c5e473b2d771380d3a6937cf9d",
    "https://deno.land/std@0.211.0/path/posix/basename.ts": "39ee27a29f1f35935d3603ccf01d53f3d6e0c5d4d0f84421e65bd1afeff42843",
    "https://deno.land/std@0.211.0/path/windows/_util.ts": "d5f47363e5293fced22c984550d5e70e98e266cc3f31769e1710511803d04808",
    "https://deno.land/std@0.211.0/path/windows/basename.ts": "e2dbf31d1d6385bfab1ce38c333aa290b6d7ae9e0ecb8234a654e583cf22f8fe",
    "https://deno.land/std@0.211.0/streams/_common.ts": "4f9f2958d853b9a456be033631dabb7519daa68ee4d02caf53e2ecbffaf5805f",
    "https://deno.land/std@0.211.0/streams/iterate_reader.ts": "353e516908ce637e8b2a2e1301fa60316825667d0d880d47ea4c427a9a7758cf",
    "https://deno.land/std@0.214.0/dotenv/load.ts": "587b342f0f6a3df071331fe6ba1c823729ab68f7d53805809475e486dd4161d7",
    "https://deno.land/std@0.214.0/dotenv/mod.ts": "0fcdf815a78d6f5bc70de92599fef80bc174da708492c4ed50b87ea480a56baa",
    "https://deno.land/std@0.214.0/dotenv/parse.ts": "55d5d1a5ba76c1324e6dc2f2f7917f03c47e5da5c2c55af11fd0fe2d6a3d3a2e",
    "https://deno.land/std@0.214.0/dotenv/stringify.ts": "0047ad7068289735d08964046aea267a750c141b494ca0e38831b89be6c020c2",
    "https://deno.land/x/fluent@0.0.1/bundle/ast.ts": "5b6c57e6115ca4497fc15be9a854053c0700cbadb680956b8719d6e40eacc759",
    "https://deno.land/x/fluent@0.0.1/bundle/builtins.ts": "cdcb96c0b4d39bff48acf842c99e5df7262bd2a7dc8488cd6c73af3ecd3f783f",
    "https://deno.land/x/fluent@0.0.1/bundle/bundle.ts": "fd5822c4fb8b094896620c5f825280b3bb1acc8cf757c0c33666564771e319f4",
    "https://deno.land/x/fluent@0.0.1/bundle/memoizer.ts": "145e4d64156bca1f7fac51ca47eb31e15b0b31304ba4c8a1fe05e95a8ca85a96",
    "https://deno.land/x/fluent@0.0.1/bundle/mod.ts": "3cc7b28a32c4739fcccdac11d57b287af2b1cf3aa394c45a54028f196d82f405",
    "https://deno.land/x/fluent@0.0.1/bundle/resolver.ts": "58d0f9acc538b7306eb0e5b6838d40168bb0d025e53ddbb07be30003034062b9",
    "https://deno.land/x/fluent@0.0.1/bundle/resource.ts": "ae9f2a10d6f4c5ea5e944458f5ff7323356e8d75959c38be840a6c9cbca0e9e9",
    "https://deno.land/x/fluent@0.0.1/bundle/scope.ts": "a3978a7b22ee3f4f6abbaf9f42b1689fe4de9f59969c9731cfaf5ad31d153f4a",
    "https://deno.land/x/fluent@0.0.1/bundle/types.ts": "6e1b13bdd1fd8c9871bf2505479c90b8df5c527e728b4b1002f2e37529db3e58",
    "https://deno.land/x/fluent@0.0.1/langneg/accepted_languages.ts": "ecd1ba4b6bdbc5f39aae02cc32f635e7804ed53e98b48e3fdcb3d37f95db37c2",
    "https://deno.land/x/fluent@0.0.1/langneg/locale.ts": "2256820338dd9a1c5b5865b504a0a6b23cb15b51b7c54063cb04d08db21e007c",
    "https://deno.land/x/fluent@0.0.1/langneg/matches.ts": "d1f3ffc22e806b45b371d1efe8fc6aa1fa3dd861c150f30bd110498fee636b38",
    "https://deno.land/x/fluent@0.0.1/langneg/mod.ts": "0a90ba0878e57d899e96b25f71feb29c5b0339b216a5f90fa3edb0750ca8ff3b",
    "https://deno.land/x/fluent@0.0.1/langneg/negotiate_languages.ts": "0ad36deb38c1668c86ef84044e97d83bf6b135a06e941d7591f0e4c4339058dd",
    "https://deno.land/x/grammy@v1.20.4/bot.ts": "bbfc31f976a27a48992ebb21bcdc137f216eb28e32cc5de0041dcc8fca53d5b8",
    "https://deno.land/x/grammy@v1.20.4/composer.ts": "a86dcd6c83e91f720ceb85dab2b1c7b966fc18fc6440848b87b4897fcaa63fc8",
    "https://deno.land/x/grammy@v1.20.4/context.ts": "3e9b8e277f8b75bed20b46047ad93b027a182e9d3504f1f2d2bba0852d0bb77f",
    "https://deno.land/x/grammy@v1.20.4/convenience/constants.ts": "8d7e2fb9b0f5bd4c10585d8a7528dee573dea5096041b35bebadbb943318d1fc",
    "https://deno.land/x/grammy@v1.20.4/convenience/frameworks.ts": "ef57a31722a7f1b393f04db83cd123e6455a7b17028d3388e7d5d12970ec8978",
    "https://deno.land/x/grammy@v1.20.4/convenience/inline_query.ts": "409d1940c7670708064efa495003bcbfdf6763a756b2e6303c464489fd3394ff",
    "https://deno.land/x/grammy@v1.20.4/convenience/input_media.ts": "7af72a5fdb1af0417e31b1327003f536ddfdf64e06ab8bc7f5da6b574de38658",
    "https://deno.land/x/grammy@v1.20.4/convenience/keyboard.ts": "88aeab16f2aaf0b4098135b5f7a678f7d2ce288f28c7eba93eaa5553a7395152",
    "https://deno.land/x/grammy@v1.20.4/convenience/session.ts": "f92d57b6b2b61920912cf5c44d4db2f6ca999fe4f9adef170c321889d49667c2",
    "https://deno.land/x/grammy@v1.20.4/convenience/webhook.ts": "f1da7d6426171fb7b5d5f6b59633f91d3bab9a474eea821f714932650965eb9e",
    "https://deno.land/x/grammy@v1.20.4/core/api.ts": "840c5d39ca953d5bdbf89e61836a8212b22110d142b1606127b9c1a5f7d0b96a",
    "https://deno.land/x/grammy@v1.20.4/core/client.ts": "df622a135e71229ffe722406850c9c08b90dcdd4d049b46926128599c73f9dc5",
    "https://deno.land/x/grammy@v1.20.4/core/error.ts": "4638b2127ebe60249c78b83011d468f5e1e1a87748d32fe11a8200d9f824ad13",
    "https://deno.land/x/grammy@v1.20.4/core/payload.ts": "420e17c3c2830b5576ea187cfce77578fe09f1204b25c25ea2f220ca7c86e73b",
    "https://deno.land/x/grammy@v1.20.4/filter.ts": "8bfd76005929c22c42c6fd70064467dd4e8cf6e83de3c8d9d0522930d433e45d",
    "https://deno.land/x/grammy@v1.20.4/mod.ts": "7723e08709ff7fd01df3e463503e14e4fd1a581669380eed70351e1121e8a833",
    "https://deno.land/x/grammy@v1.20.4/platform.deno.ts": "68272a7e1d9a2d74d8a45342526485dbc0531dee812f675d7f8a4e7fc8393028",
    "https://deno.land/x/grammy@v1.20.4/types.deno.ts": "d43290407cdd90eaa67393f8ab53139bfb9f692335a92cb6f1c607ddac706b26",
    "https://deno.land/x/grammy@v1.20.4/types.ts": "729415590dfa188dbe924dea614dff4e976babdbabb28a307b869fc25777cdf0",
    "https://deno.land/x/grammy@v1.24.1/bot.ts": "291fec55778b8ff25112be28ee24ed3d68ea58f8a07e6fe9584953c242564ef3",
    "https://deno.land/x/grammy@v1.24.1/composer.ts": "a86dcd6c83e91f720ceb85dab2b1c7b966fc18fc6440848b87b4897fcaa63fc8",
    "https://deno.land/x/grammy@v1.24.1/context.ts": "231577c03727dedda61c2f23db80c562be13bea226078c4116bd50bb3a2d6050",
    "https://deno.land/x/grammy@v1.24.1/convenience/constants.ts": "1560129784be52f49aa0bea8716f09ed00dac367fef195be6a2c09bdfc43fb99",
    "https://deno.land/x/grammy@v1.24.1/convenience/frameworks.ts": "69f343980c349f9552a022ae732b3d5de0894013df0fd304b4ad29bd62425dc1",
    "https://deno.land/x/grammy@v1.24.1/convenience/inline_query.ts": "409d1940c7670708064efa495003bcbfdf6763a756b2e6303c464489fd3394ff",
    "https://deno.land/x/grammy@v1.24.1/convenience/input_media.ts": "7af72a5fdb1af0417e31b1327003f536ddfdf64e06ab8bc7f5da6b574de38658",
    "https://deno.land/x/grammy@v1.24.1/convenience/keyboard.ts": "6223ded897b1a02de2a35c5c2574415ca9bdf24538a136692e897ec51c16c76b",
    "https://deno.land/x/grammy@v1.24.1/convenience/session.ts": "931fc31b58c6c9fee1d969505027e060fc5a2784a9219d9303da84e849532071",
    "https://deno.land/x/grammy@v1.24.1/convenience/webhook.ts": "31efc3dd6b48bbe47aa13d2103461eda8c42835c507b08b5bf1500c3d8593ce8",
    "https://deno.land/x/grammy@v1.24.1/core/api.ts": "1814337790531609686352fcd2c8cfae6b5febfcf59df580460b145ccb66f5d9",
    "https://deno.land/x/grammy@v1.24.1/core/client.ts": "df622a135e71229ffe722406850c9c08b90dcdd4d049b46926128599c73f9dc5",
    "https://deno.land/x/grammy@v1.24.1/core/error.ts": "553ec19e1ec51d8161d7f54891d345533aa07232005575549e8b7c919ee4795e",
    "https://deno.land/x/grammy@v1.24.1/core/payload.ts": "420e17c3c2830b5576ea187cfce77578fe09f1204b25c25ea2f220ca7c86e73b",
    "https://deno.land/x/grammy@v1.24.1/filter.ts": "80ff3358f05b352ac48f629cacbf54f2a88889552720821b7ef232b529952bed",
    "https://deno.land/x/grammy@v1.24.1/mod.ts": "7723e08709ff7fd01df3e463503e14e4fd1a581669380eed70351e1121e8a833",
    "https://deno.land/x/grammy@v1.24.1/platform.deno.ts": "68272a7e1d9a2d74d8a45342526485dbc0531dee812f675d7f8a4e7fc8393028",
    "https://deno.land/x/grammy@v1.24.1/types.deno.ts": "72459f1f405f0187e547411b189577f68290a37f6a7ad1395d527ac7c636a5e0",
    "https://deno.land/x/grammy@v1.24.1/types.ts": "729415590dfa188dbe924dea614dff4e976babdbabb28a307b869fc25777cdf0",
    "https://deno.land/x/grammy@v1.27.0/bot.ts": "291fec55778b8ff25112be28ee24ed3d68ea58f8a07e6fe9584953c242564ef3",
    "https://deno.land/x/grammy@v1.27.0/composer.ts": "e5442ce0dd504661b36ad875a6a1b9ab32c004239ebd1ab3d5aa2976e1902f83",
    "https://deno.land/x/grammy@v1.27.0/context.ts": "3ae13abed37a3eb1ae76598c9e187c6c37863df2b21c9fb1e27b785b1820c172",
    "https://deno.land/x/grammy@v1.27.0/convenience/constants.ts": "1560129784be52f49aa0bea8716f09ed00dac367fef195be6a2c09bdfc43fb99",
    "https://deno.land/x/grammy@v1.27.0/convenience/frameworks.ts": "69f343980c349f9552a022ae732b3d5de0894013df0fd304b4ad29bd62425dc1",
    "https://deno.land/x/grammy@v1.27.0/convenience/inline_query.ts": "409d1940c7670708064efa495003bcbfdf6763a756b2e6303c464489fd3394ff",
    "https://deno.land/x/grammy@v1.27.0/convenience/input_media.ts": "7af72a5fdb1af0417e31b1327003f536ddfdf64e06ab8bc7f5da6b574de38658",
    "https://deno.land/x/grammy@v1.27.0/convenience/keyboard.ts": "6223ded897b1a02de2a35c5c2574415ca9bdf24538a136692e897ec51c16c76b",
    "https://deno.land/x/grammy@v1.27.0/convenience/session.ts": "931fc31b58c6c9fee1d969505027e060fc5a2784a9219d9303da84e849532071",
    "https://deno.land/x/grammy@v1.27.0/convenience/webhook.ts": "5ae7b9f2ea9e5b424009587d4232eb28f6e56d20ab20d49c7d9681af68dc7f13",
    "https://deno.land/x/grammy@v1.27.0/core/api.ts": "358b8afc4529fa6f26bf1a04e296a842b56e534069750e904f336da2debb603c",
    "https://deno.land/x/grammy@v1.27.0/core/client.ts": "df622a135e71229ffe722406850c9c08b90dcdd4d049b46926128599c73f9dc5",
    "https://deno.land/x/grammy@v1.27.0/core/error.ts": "553ec19e1ec51d8161d7f54891d345533aa07232005575549e8b7c919ee4795e",
    "https://deno.land/x/grammy@v1.27.0/core/payload.ts": "420e17c3c2830b5576ea187cfce77578fe09f1204b25c25ea2f220ca7c86e73b",
    "https://deno.land/x/grammy@v1.27.0/filter.ts": "4cffc1b2276eca2ae6408a4347ba5dda8104bbc8e56ebe772fdf6441d91cd7b6",
    "https://deno.land/x/grammy@v1.27.0/mod.ts": "7723e08709ff7fd01df3e463503e14e4fd1a581669380eed70351e1121e8a833",
    "https://deno.land/x/grammy@v1.27.0/platform.deno.ts": "68272a7e1d9a2d74d8a45342526485dbc0531dee812f675d7f8a4e7fc8393028",
    "https://deno.land/x/grammy@v1.27.0/types.deno.ts": "b2aba74fb3aba667c0454d9963f9c6ea70acde6d9cc7e6ac0e306f6cad6e28f6",
    "https://deno.land/x/grammy@v1.27.0/types.ts": "729415590dfa188dbe924dea614dff4e976babdbabb28a307b869fc25777cdf0",
    "https://deno.land/x/grammy@v1.34.0/bot.ts": "477241b42959a7721292259b958da0601a3f50bb6cc07a642c8f74ccc3226a6c",
    "https://deno.land/x/grammy@v1.34.0/composer.ts": "dab5a40d8a6fdc734bfb218f8b2e4ef846c05b833219ddd3fdee3f145bb2660b",
    "https://deno.land/x/grammy@v1.34.0/context.ts": "7ade509a98d8d3bb314c50bcbe89e970a071d474b6b0b290972f726ab7a937fa",
    "https://deno.land/x/grammy@v1.34.0/convenience/constants.ts": "1560129784be52f49aa0bea8716f09ed00dac367fef195be6a2c09bdfc43fb99",
    "https://deno.land/x/grammy@v1.34.0/convenience/frameworks.ts": "23899da578e53a7abba9b9385fa23d1e84ebd53fc3fd6bb5447ac86321b85a78",
    "https://deno.land/x/grammy@v1.34.0/convenience/inline_query.ts": "409d1940c7670708064efa495003bcbfdf6763a756b2e6303c464489fd3394ff",
    "https://deno.land/x/grammy@v1.34.0/convenience/input_media.ts": "7af72a5fdb1af0417e31b1327003f536ddfdf64e06ab8bc7f5da6b574de38658",
    "https://deno.land/x/grammy@v1.34.0/convenience/keyboard.ts": "dcfdc05f51758855d31dc80637798e0ca1d7f9b85038a6e9e600522e7cdac490",
    "https://deno.land/x/grammy@v1.34.0/convenience/session.ts": "5e4b976528a0b3d7893645ac23e2e35e78671af578a3aed5efb4b621e7e9b6da",
    "https://deno.land/x/grammy@v1.34.0/convenience/webhook.ts": "722f6da8de7578ecfcd263ca07ec3b81f09e7f243fdf2a887ac0e6cab509e116",
    "https://deno.land/x/grammy@v1.34.0/core/api.ts": "f87461d1729dba0cbba9e8c97d903b928ec6bcdc11c25a585e0dbbcca00ae631",
    "https://deno.land/x/grammy@v1.34.0/core/client.ts": "8d6b7dbcc944d0c42e0dce6119aaafca703c053ff6a5fbff426989c0dc790228",
    "https://deno.land/x/grammy@v1.34.0/core/error.ts": "5245f18f273da6be364f525090c24d2e9a282c180904f674f66946f2b2556247",
    "https://deno.land/x/grammy@v1.34.0/core/payload.ts": "420e17c3c2830b5576ea187cfce77578fe09f1204b25c25ea2f220ca7c86e73b",
    "https://deno.land/x/grammy@v1.34.0/filter.ts": "dd30fa957e37a0857e471157bc5a21a13b8f5c3d145b512679aefb3ff5174670",
    "https://deno.land/x/grammy@v1.34.0/mod.ts": "7723e08709ff7fd01df3e463503e14e4fd1a581669380eed70351e1121e8a833",
    "https://deno.land/x/grammy@v1.34.0/platform.deno.ts": "68272a7e1d9a2d74d8a45342526485dbc0531dee812f675d7f8a4e7fc8393028",
    "https://deno.land/x/grammy@v1.34.0/types.deno.ts": "6de0dbb19e6970db2dc07e582240eb2221c88973a936d54b99f827206e74adc6",
    "https://deno.land/x/grammy@v1.34.0/types.ts": "729415590dfa188dbe924dea614dff4e976babdbabb28a307b869fc25777cdf0",
    "https://deno.land/x/grammy_i18n@v1.0.2/deps.ts": "456e85738888bb7965532e7e80051d518a809cf7e2397c35ba7bed0dc294364c",
    "https://deno.land/x/grammy_i18n@v1.0.2/fluent.ts": "c4d6b4cf7aede9c25227b3e09aacc42e6ff381ef80bf1b476ba3ffdee284f74c",
    "https://deno.land/x/grammy_i18n@v1.0.2/i18n.ts": "96f86047a5bbfd2a1115fb2b4fa495048754fb68a19c1358f4e5e9e7be21cbdb",
    "https://deno.land/x/grammy_i18n@v1.0.2/mod.ts": "3250f0ecb81d4f0d7839b1d344c9453c5b7a79b7fca7d50b7ea89f91b7856cd9",
    "https://deno.land/x/grammy_i18n@v1.0.2/types.ts": "9c142bbc7cbe6408e503853e52b08ebff6bddb7d94169628c95020374e5fbdef",
    "https://deno.land/x/grammy_i18n@v1.0.2/utils.ts": "2a719dfa830f764d62e2d7905bed01da18a9d331203e5bdfa20d177d48a2f809",
    "https://deno.land/x/grammy_i18n@v1.0.2/warning.ts": "65c80833a93d5c37fe691125998b50268c11ecd070c8e85e0ce7d220ad7a3d37",
    "https://deno.land/x/grammy_parse_mode@1.10.0/deps.deno.ts": "cbd2d11cae3053c7245053480eb163f6850475d3cbd69d9855260ede13dff8a0",
    "https://deno.land/x/grammy_parse_mode@1.10.0/format.ts": "268aa7f6926a66fdd28cd5c314b7701399d50a497cf08a2723dd47a04169ad43",
    "https://deno.land/x/grammy_parse_mode@1.10.0/hydrate.ts": "735b681d21f2acf3a4bcca13cb0b52edfda81379ec55c716a7be59a2261fae63",
    "https://deno.land/x/grammy_parse_mode@1.10.0/mod.ts": "58b539ea91fa72c1fd66dd5415b6c4b63104301b07d9daf860bd66343db7062c",
    "https://deno.land/x/grammy_parse_mode@1.10.0/transformer.ts": "b08e1e9fdc421286a16de28d3c8e4b53ff6cb0af5536809a8dfad24c4b6cc20c",
    "https://deno.land/x/grammy_parse_mode@1.11.1/deps.deno.ts": "cbd2d11cae3053c7245053480eb163f6850475d3cbd69d9855260ede13dff8a0",
    "https://deno.land/x/grammy_parse_mode@1.11.1/format.ts": "146edb774dd90f452660a17089704ddb47e760cb6dda07b0e9687d8785ff182e",
    "https://deno.land/x/grammy_parse_mode@1.11.1/hydrate.ts": "735b681d21f2acf3a4bcca13cb0b52edfda81379ec55c716a7be59a2261fae63",
    "https://deno.land/x/grammy_parse_mode@1.11.1/mod.ts": "58b539ea91fa72c1fd66dd5415b6c4b63104301b07d9daf860bd66343db7062c",
    "https://deno.land/x/grammy_parse_mode@1.11.1/transformer.ts": "b08e1e9fdc421286a16de28d3c8e4b53ff6cb0af5536809a8dfad24c4b6cc20c",
    "https://deno.land/x/grammy_types@v3.11.0/api.ts": "ae04d6628e3d25ae805bc07a19475065044fc44cde0a40877405bc3544d03a5f",
    "https://deno.land/x/grammy_types@v3.11.0/inline.ts": "9bc165676a2bb984525adf2c457cdf5f432016b25c3d399dceedfeaf638dbf29",
    "https://deno.land/x/grammy_types@v3.11.0/langs.ts": "5f5fd09c58ba3ae942dd7cea2696f95587d2032c1829bba4bca81762b7ef73b6",
    "https://deno.land/x/grammy_types@v3.11.0/manage.ts": "bd92f57b8732a26eb247f270bca92415d23ba6c99761960e9698c220b43f2a02",
    "https://deno.land/x/grammy_types@v3.11.0/markup.ts": "7430abcea68d294df73a433f621a37cf1281718d3e29e903ed1e474038c7489d",
    "https://deno.land/x/grammy_types@v3.11.0/message.ts": "32e60efb2d1984b392b1b8b547864db6f65df6e2ab77742438dcaea3ffcf1aa8",
    "https://deno.land/x/grammy_types@v3.11.0/methods.ts": "52a745c874f6d7cbe6a063fcb3a84e7d82dd8030b8c77539c169348fa52da70d",
    "https://deno.land/x/grammy_types@v3.11.0/mod.ts": "7ecea1d3f7085d64419b78183039c78d70d655aeaa8b07f118ffbfb823f5b0b7",
    "https://deno.land/x/grammy_types@v3.11.0/passport.ts": "19820e7d6c279521f8bc8912d6a378239f73d4ab525453808994b5f44ef95215",
    "https://deno.land/x/grammy_types@v3.11.0/payment.ts": "419c076b4ac2282234cc95b22b2922e8e359d368cc6bc66620f47f1329c3ad77",
    "https://deno.land/x/grammy_types@v3.11.0/settings.ts": "f8ff810da6f1007ed24cd504809bf46820229c395ff9bfc3e5c8ceaef5b2aae1",
    "https://deno.land/x/grammy_types@v3.11.0/update.ts": "7033ebfbecf6fbbd2d68f7a3550c9b04e553228a2143104fc63c42dd7f8f6881",
    "https://deno.land/x/grammy_types@v3.18.0/api.ts": "ae04d6628e3d25ae805bc07a19475065044fc44cde0a40877405bc3544d03a5f",
    "https://deno.land/x/grammy_types@v3.18.0/inline.ts": "9afd0340eafd22acb163f2f680d58b85719f0edc92dffa4d259fc5232e543d23",
    "https://deno.land/x/grammy_types@v3.18.0/langs.ts": "5f5fd09c58ba3ae942dd7cea2696f95587d2032c1829bba4bca81762b7ef73b6",
    "https://deno.land/x/grammy_types@v3.18.0/manage.ts": "a4ed0c42e9e8157c26eae09ea58bc2f015b6b5322f6624db1c8deb55b5d3aed4",
    "https://deno.land/x/grammy_types@v3.18.0/markup.ts": "b989e0712f9731c59e6cb308371b1722d823dd55de3d6bcaf3e4ed645a42e1f9",
    "https://deno.land/x/grammy_types@v3.18.0/message.ts": "e42c62951a6e6e4eacc2207c5c9ebd20608df14a17a0cb7d9afdd75a7a7cb999",
    "https://deno.land/x/grammy_types@v3.18.0/methods.ts": "d1ad2a446cb40fe15c461e2d3e07bc072d10846ac3bc337401bf72f2667371ff",
    "https://deno.land/x/grammy_types@v3.18.0/mod.ts": "7ecea1d3f7085d64419b78183039c78d70d655aeaa8b07f118ffbfb823f5b0b7",
    "https://deno.land/x/grammy_types@v3.18.0/passport.ts": "19820e7d6c279521f8bc8912d6a378239f73d4ab525453808994b5f44ef95215",
    "https://deno.land/x/grammy_types@v3.18.0/payment.ts": "1ecf4f6d6bd89e8ac0c1731ca3ed593df64598156149b27372a0222dadbb593a",
    "https://deno.land/x/grammy_types@v3.18.0/settings.ts": "f8ff810da6f1007ed24cd504809bf46820229c395ff9bfc3e5c8ceaef5b2aae1",
    "https://deno.land/x/grammy_types@v3.18.0/update.ts": "71cc0d5ec860149b71415ba03282b1d7edd0466b36e2789521a3b3a3d7796493",
    "https://deno.land/x/grammy_types@v3.4.6/api.ts": "ae04d6628e3d25ae805bc07a19475065044fc44cde0a40877405bc3544d03a5f",
    "https://deno.land/x/grammy_types@v3.4.6/inline.ts": "594e1e487c94bde6f1d17f457b7b002786eb40b7b3b77ed32b830571e6285b7e",
    "https://deno.land/x/grammy_types@v3.4.6/manage.ts": "1d2b76d8735cdb56a2afe89097169ff4403b14016adb73e682fce61bc4c2efad",
    "https://deno.land/x/grammy_types@v3.4.6/markup.ts": "bef977ea4c2f17791d6f8a0a8f37f6f7f622967030da4f6b42e41c3a9d797113",
    "https://deno.land/x/grammy_types@v3.4.6/message.ts": "24de17e147a992eedebc8b28a553eeb1d62b0aecb93649fbde5f642bd5ad2b47",
    "https://deno.land/x/grammy_types@v3.4.6/methods.ts": "9c4d413f1a240e356b58c41a2c9417ccbd42b287d7cab9375c568d5d80ffcb2b",
    "https://deno.land/x/grammy_types@v3.4.6/mod.ts": "7b5f421b4fbb1761f7f0d68328eaddd515f3222ce3f3cdfbedd8d5a4781e91a7",
    "https://deno.land/x/grammy_types@v3.4.6/passport.ts": "e3fb63aec96510bcc317ef48fd25b435444b8f407502d7568c00fce15f2958fd",
    "https://deno.land/x/grammy_types@v3.4.6/payment.ts": "d23e9038c5b479b606e620dd84e3e67b6642ada110a962f2d5b5286e99ec7de5",
    "https://deno.land/x/grammy_types@v3.4.6/settings.ts": "5e989f5bd6c587d55673bd8052293869aa2f372e9223dd7f6e28632bfe021b6e",
    "https://deno.land/x/grammy_types@v3.4.6/update.ts": "597465794cbf6a6ab8a6e69c24645ed928e79af3d384dce63ae83716ba78ba3e",
    "https://deno.land/x/grammy_types@v3.8.0/api.ts": "ae04d6628e3d25ae805bc07a19475065044fc44cde0a40877405bc3544d03a5f",
    "https://deno.land/x/grammy_types@v3.8.0/inline.ts": "9bc165676a2bb984525adf2c457cdf5f432016b25c3d399dceedfeaf638dbf29",
    "https://deno.land/x/grammy_types@v3.8.0/manage.ts": "1520ae589dbfcdbfba1b8dcf5486c18ec880aaa7382e2ccf4f9176e8f79aa0e9",
    "https://deno.land/x/grammy_types@v3.8.0/markup.ts": "b08dd9ce593e9c465376be65bb21dcaf83792ddd3ea730e623a8a3bd0a137f45",
    "https://deno.land/x/grammy_types@v3.8.0/message.ts": "d07eb19830f6c694ad468eb8b6201f6ffea1acb7565510da380b9ab66e699733",
    "https://deno.land/x/grammy_types@v3.8.0/methods.ts": "a2e5126536e324b1634fb2a394863f9bf39b58bab862820b50442e0e40c8b08c",
    "https://deno.land/x/grammy_types@v3.8.0/mod.ts": "7b5f421b4fbb1761f7f0d68328eaddd515f3222ce3f3cdfbedd8d5a4781e91a7",
    "https://deno.land/x/grammy_types@v3.8.0/passport.ts": "19820e7d6c279521f8bc8912d6a378239f73d4ab525453808994b5f44ef95215",
    "https://deno.land/x/grammy_types@v3.8.0/payment.ts": "5f91645ed41b5398b3bee782643ba33a5143b4381b38f44ab93e3f62dfe48580",
    "https://deno.land/x/grammy_types@v3.8.0/settings.ts": "5e989f5bd6c587d55673bd8052293869aa2f372e9223dd7f6e28632bfe021b6e",
    "https://deno.land/x/grammy_types@v3.8.0/update.ts": "7033ebfbecf6fbbd2d68f7a3550c9b04e553228a2143104fc63c42dd7f8f6881"
  },
  "workspace": {
    "dependencies": [
      "jsr:@std/assert@^1.0.10",
      "jsr:@std/dotenv@~0.225.3"
    ]
  }
}
